
Microsoft Visual Studio Solution File, Format Version 12.00
# Visual Studio Version 17
VisualStudioVersion = 17.3.32922.545
MinimumVisualStudioVersion = 10.0.40219.1
Project("{8BC9CEB8-8B4A-11D0-8D11-00A0C91BC942}") = "BlockChain Demo", "BlockChain Demo\BlockChain Demo.vcxproj", "{7E40214E-A215-41EF-95D1-D2F0A5A07A73}"
EndProject
Project("{8BC9CEB8-8B4A-11D0-8D11-00A0C91BC942}") = "UnitTest", "UnitTest\UnitTest.vcxproj", "{F32A7348-0EE4-402E-B345-FD4AD16A459E}"
EndProject
Global
	GlobalSection(SolutionConfigurationPlatforms) = preSolution
		Debug|x64 = Debug|x64
		Debug|x86 = Debug|x86
		DLL-Import Debug|x64 = DLL-Import Debug|x64
		DLL-Import Debug|x86 = DLL-Import Debug|x86
		DLL-Import Release|x64 = DLL-Import Release|x64
		DLL-Import Release|x86 = DLL-Import Release|x86
		Release|x64 = Release|x64
		Release|x86 = Release|x86
	EndGlobalSection
	GlobalSection(ProjectConfigurationPlatforms) = postSolution
		{7E40214E-A215-41EF-95D1-D2F0A5A07A73}.Debug|x64.ActiveCfg = Debug|x64
		{7E40214E-A215-41EF-95D1-D2F0A5A07A73}.Debug|x64.Build.0 = Debug|x64
		{7E40214E-A215-41EF-95D1-D2F0A5A07A73}.Debug|x86.ActiveCfg = Debug|Win32
		{7E40214E-A215-41EF-95D1-D2F0A5A07A73}.Debug|x86.Build.0 = Debug|Win32
		{7E40214E-A215-41EF-95D1-D2F0A5A07A73}.DLL-Import Debug|x64.ActiveCfg = Debug|x64
		{7E40214E-A215-41EF-95D1-D2F0A5A07A73}.DLL-Import Debug|x64.Build.0 = Debug|x64
		{7E40214E-A215-41EF-95D1-D2F0A5A07A73}.DLL-Import Debug|x86.ActiveCfg = Debug|Win32
		{7E40214E-A215-41EF-95D1-D2F0A5A07A73}.DLL-Import Debug|x86.Build.0 = Debug|Win32
		{7E40214E-A215-41EF-95D1-D2F0A5A07A73}.DLL-Import Release|x64.ActiveCfg = Release|x64
		{7E40214E-A215-41EF-95D1-D2F0A5A07A73}.DLL-Import Release|x64.Build.0 = Release|x64
		{7E40214E-A215-41EF-95D1-D2F0A5A07A73}.DLL-Import Release|x86.ActiveCfg = Release|Win32
		{7E40214E-A215-41EF-95D1-D2F0A5A07A73}.DLL-Import Release|x86.Build.0 = Release|Win32
		{7E40214E-A215-41EF-95D1-D2F0A5A07A73}.Release|x64.ActiveCfg = Release|x64
		{7E40214E-A215-41EF-95D1-D2F0A5A07A73}.Release|x64.Build.0 = Release|x64
		{7E40214E-A215-41EF-95D1-D2F0A5A07A73}.Release|x86.ActiveCfg = Release|Win32
		{7E40214E-A215-41EF-95D1-D2F0A5A07A73}.Release|x86.Build.0 = Release|Win32
		{F32A7348-0EE4-402E-B345-FD4AD16A459E}.Debug|x64.ActiveCfg = Debug|x64
		{F32A7348-0EE4-402E-B345-FD4AD16A459E}.Debug|x64.Build.0 = Debug|x64
		{F32A7348-0EE4-402E-B345-FD4AD16A459E}.Debug|x86.ActiveCfg = Debug|Win32
		{F32A7348-0EE4-402E-B345-FD4AD16A459E}.Debug|x86.Build.0 = Debug|Win32
		{F32A7348-0EE4-402E-B345-FD4AD16A459E}.DLL-Import Debug|x64.ActiveCfg = Debug|x64
		{F32A7348-0EE4-402E-B345-FD4AD16A459E}.DLL-Import Debug|x64.Build.0 = Debug|x64
		{F32A7348-0EE4-402E-B345-FD4AD16A459E}.DLL-Import Debug|x86.ActiveCfg = Debug|Win32
		{F32A7348-0EE4-402E-B345-FD4AD16A459E}.DLL-Import Debug|x86.Build.0 = Debug|Win32
		{F32A7348-0EE4-402E-B345-FD4AD16A459E}.DLL-Import Release|x64.ActiveCfg = Release|x64
		{F32A7348-0EE4-402E-B345-FD4AD16A459E}.DLL-Import Release|x64.Build.0 = Release|x64
		{F32A7348-0EE4-402E-B345-FD4AD16A459E}.DLL-Import Release|x86.ActiveCfg = Release|Win32
		{F32A7348-0EE4-402E-B345-FD4AD16A459E}.DLL-Import Release|x86.Build.0 = Release|Win32
		{F32A7348-0EE4-402E-B345-FD4AD16A459E}.Release|x64.ActiveCfg = Release|x64
		{F32A7348-0EE4-402E-B345-FD4AD16A459E}.Release|x64.Build.0 = Release|x64
		{F32A7348-0EE4-402E-B345-FD4AD16A459E}.Release|x86.ActiveCfg = Release|Win32
		{F32A7348-0EE4-402E-B345-FD4AD16A459E}.Release|x86.Build.0 = Release|Win32
	EndGlobalSection
	GlobalSection(SolutionProperties) = preSolution
		HideSolutionNode = FALSE
	EndGlobalSection
	GlobalSection(ExtensibilityGlobals) = postSolution
		SolutionGuid = {8DDC0FB6-8C68-4CA7-8C14-4D86E3DED7E2}
	EndGlobalSection
EndGlobal
